
Microsoft Visual Studio Solution File, Format Version 12.00
# Visual Studio 2012
Project("{2150E333-8FDC-42A3-9474-1A3956D46DE8}") = "Testing", "Testing", "{2EF7E46C-A4CC-450B-B1FE-A98E57EC9612}"
EndProject
Project("{FAE04EC0-301F-11D3-BF4B-00C04F79EFBC}") = "Sandbox", "Sandbox\Sandbox.csproj", "{A9F18AE4-EA3A-4C98-A8DC-343A36F025E7}"
EndProject
Project("{FAE04EC0-301F-11D3-BF4B-00C04F79EFBC}") = "Vasageld.Common", "Vasageld.Common\Vasageld.Common.csproj", "{9BE1F82A-5AFE-4FB1-A494-D3BC2DC70122}"
EndProject
Project("{FAE04EC0-301F-11D3-BF4B-00C04F79EFBC}") = "Vasageld.Core", "Vasageld.Core\Vasageld.Core.csproj", "{254DE17E-677F-447A-A66A-E10C4A182635}"
EndProject
Project("{FAE04EC0-301F-11D3-BF4B-00C04F79EFBC}") = "UnitTests", "UnitTests\UnitTests.csproj", "{1974C7C7-DD5F-4BB3-BB15-399456FCCE9E}"
EndProject
Global
	GlobalSection(SolutionConfigurationPlatforms) = preSolution
		Debug|Any CPU = Debug|Any CPU
		Release|Any CPU = Release|Any CPU
	EndGlobalSection
	GlobalSection(ProjectConfigurationPlatforms) = postSolution
		{A9F18AE4-EA3A-4C98-A8DC-343A36F025E7}.Debug|Any CPU.ActiveCfg = Debug|Any CPU
		{A9F18AE4-EA3A-4C98-A8DC-343A36F025E7}.Debug|Any CPU.Build.0 = Debug|Any CPU
		{A9F18AE4-EA3A-4C98-A8DC-343A36F025E7}.Release|Any CPU.ActiveCfg = Release|Any CPU
		{A9F18AE4-EA3A-4C98-A8DC-343A36F025E7}.Release|Any CPU.Build.0 = Release|Any CPU
		{9BE1F82A-5AFE-4FB1-A494-D3BC2DC70122}.Debug|Any CPU.ActiveCfg = Debug|Any CPU
		{9BE1F82A-5AFE-4FB1-A494-D3BC2DC70122}.Debug|Any CPU.Build.0 = Debug|Any CPU
		{9BE1F82A-5AFE-4FB1-A494-D3BC2DC70122}.Release|Any CPU.ActiveCfg = Release|Any CPU
		{9BE1F82A-5AFE-4FB1-A494-D3BC2DC70122}.Release|Any CPU.Build.0 = Release|Any CPU
		{254DE17E-677F-447A-A66A-E10C4A182635}.Debug|Any CPU.ActiveCfg = Debug|Any CPU
		{254DE17E-677F-447A-A66A-E10C4A182635}.Debug|Any CPU.Build.0 = Debug|Any CPU
		{254DE17E-677F-447A-A66A-E10C4A182635}.Release|Any CPU.ActiveCfg = Release|Any CPU
		{254DE17E-677F-447A-A66A-E10C4A182635}.Release|Any CPU.Build.0 = Release|Any CPU
		{1974C7C7-DD5F-4BB3-BB15-399456FCCE9E}.Debug|Any CPU.ActiveCfg = Debug|Any CPU
		{1974C7C7-DD5F-4BB3-BB15-399456FCCE9E}.Debug|Any CPU.Build.0 = Debug|Any CPU
		{1974C7C7-DD5F-4BB3-BB15-399456FCCE9E}.Release|Any CPU.ActiveCfg = Release|Any CPU
		{1974C7C7-DD5F-4BB3-BB15-399456FCCE9E}.Release|Any CPU.Build.0 = Release|Any CPU
	EndGlobalSection
	GlobalSection(SolutionProperties) = preSolution
		HideSolutionNode = FALSE
	EndGlobalSection
	GlobalSection(NestedProjects) = preSolution
		{A9F18AE4-EA3A-4C98-A8DC-343A36F025E7} = {2EF7E46C-A4CC-450B-B1FE-A98E57EC9612}
		{1974C7C7-DD5F-4BB3-BB15-399456FCCE9E} = {2EF7E46C-A4CC-450B-B1FE-A98E57EC9612}
	EndGlobalSection
EndGlobal
